
Microsoft Visual Studio Solution File, Format Version 12.00
Project("{FAE04EC0-301F-11D3-BF4B-00C04F79EFBC}") = "SkyApp", "SkyApp\SkyApp\SkyApp.csproj", "{592A930D-1014-4D16-9010-0CE5805B983E}"
EndProject
Project("{FAE04EC0-301F-11D3-BF4B-00C04F79EFBC}") = "SkyApp.Droid", "SkyApp\SkyApp.Droid\SkyApp.Droid.csproj", "{D1329DD4-A24B-428D-83F4-A5A279A58DE0}"
EndProject
Global
	GlobalSection(SolutionConfigurationPlatforms) = preSolution
		Ad-Hoc|iPhone = Ad-Hoc|iPhone
		AppStore|iPhone = AppStore|iPhone
		Debug|Any CPU = Debug|Any CPU
		Debug|iPhone = Debug|iPhone
		Debug|iPhoneSimulator = Debug|iPhoneSimulator
		Release|Any CPU = Release|Any CPU
		Release|iPhone = Release|iPhone
		Release|iPhoneSimulator = Release|iPhoneSimulator
	EndGlobalSection
	GlobalSection(ProjectConfigurationPlatforms) = postSolution
		{592A930D-1014-4D16-9010-0CE5805B983E}.Ad-Hoc|iPhone.ActiveCfg = Debug|Any CPU
		{592A930D-1014-4D16-9010-0CE5805B983E}.Ad-Hoc|iPhone.Build.0 = Debug|Any CPU
		{592A930D-1014-4D16-9010-0CE5805B983E}.AppStore|iPhone.ActiveCfg = Debug|Any CPU
		{592A930D-1014-4D16-9010-0CE5805B983E}.AppStore|iPhone.Build.0 = Debug|Any CPU
		{592A930D-1014-4D16-9010-0CE5805B983E}.Debug|Any CPU.ActiveCfg = Debug|Any CPU
		{592A930D-1014-4D16-9010-0CE5805B983E}.Debug|Any CPU.Build.0 = Debug|Any CPU
		{592A930D-1014-4D16-9010-0CE5805B983E}.Debug|iPhone.ActiveCfg = Debug|Any CPU
		{592A930D-1014-4D16-9010-0CE5805B983E}.Debug|iPhone.Build.0 = Debug|Any CPU
		{592A930D-1014-4D16-9010-0CE5805B983E}.Debug|iPhoneSimulator.ActiveCfg = Debug|Any CPU
		{592A930D-1014-4D16-9010-0CE5805B983E}.Debug|iPhoneSimulator.Build.0 = Debug|Any CPU
		{592A930D-1014-4D16-9010-0CE5805B983E}.Release|Any CPU.ActiveCfg = Release|Any CPU
		{592A930D-1014-4D16-9010-0CE5805B983E}.Release|Any CPU.Build.0 = Release|Any CPU
		{592A930D-1014-4D16-9010-0CE5805B983E}.Release|iPhone.ActiveCfg = Release|Any CPU
		{592A930D-1014-4D16-9010-0CE5805B983E}.Release|iPhone.Build.0 = Release|Any CPU
		{592A930D-1014-4D16-9010-0CE5805B983E}.Release|iPhoneSimulator.ActiveCfg = Release|Any CPU
		{592A930D-1014-4D16-9010-0CE5805B983E}.Release|iPhoneSimulator.Build.0 = Release|Any CPU
		{D1329DD4-A24B-428D-83F4-A5A279A58DE0}.Ad-Hoc|iPhone.ActiveCfg = Debug|Any CPU
		{D1329DD4-A24B-428D-83F4-A5A279A58DE0}.Ad-Hoc|iPhone.Build.0 = Debug|Any CPU
		{D1329DD4-A24B-428D-83F4-A5A279A58DE0}.Ad-Hoc|iPhone.Deploy.0 = Debug|Any CPU
		{D1329DD4-A24B-428D-83F4-A5A279A58DE0}.AppStore|iPhone.ActiveCfg = Debug|Any CPU
		{D1329DD4-A24B-428D-83F4-A5A279A58DE0}.AppStore|iPhone.Build.0 = Debug|Any CPU
		{D1329DD4-A24B-428D-83F4-A5A279A58DE0}.AppStore|iPhone.Deploy.0 = Debug|Any CPU
		{D1329DD4-A24B-428D-83F4-A5A279A58DE0}.Debug|Any CPU.ActiveCfg = Debug|Any CPU
		{D1329DD4-A24B-428D-83F4-A5A279A58DE0}.Debug|Any CPU.Build.0 = Debug|Any CPU
		{D1329DD4-A24B-428D-83F4-A5A279A58DE0}.Debug|Any CPU.Deploy.0 = Debug|Any CPU
		{D1329DD4-A24B-428D-83F4-A5A279A58DE0}.Debug|iPhone.ActiveCfg = Debug|Any CPU
		{D1329DD4-A24B-428D-83F4-A5A279A58DE0}.Debug|iPhone.Build.0 = Debug|Any CPU
		{D1329DD4-A24B-428D-83F4-A5A279A58DE0}.Debug|iPhone.Deploy.0 = Debug|Any CPU
		{D1329DD4-A24B-428D-83F4-A5A279A58DE0}.Debug|iPhoneSimulator.ActiveCfg = Debug|Any CPU
		{D1329DD4-A24B-428D-83F4-A5A279A58DE0}.Debug|iPhoneSimulator.Build.0 = Debug|Any CPU
		{D1329DD4-A24B-428D-83F4-A5A279A58DE0}.Debug|iPhoneSimulator.Deploy.0 = Debug|Any CPU
		{D1329DD4-A24B-428D-83F4-A5A279A58DE0}.Release|Any CPU.ActiveCfg = Release|Any CPU
		{D1329DD4-A24B-428D-83F4-A5A279A58DE0}.Release|Any CPU.Build.0 = Release|Any CPU
		{D1329DD4-A24B-428D-83F4-A5A279A58DE0}.Release|Any CPU.Deploy.0 = Release|Any CPU
		{D1329DD4-A24B-428D-83F4-A5A279A58DE0}.Release|iPhone.ActiveCfg = Release|Any CPU
		{D1329DD4-A24B-428D-83F4-A5A279A58DE0}.Release|iPhone.Build.0 = Release|Any CPU
		{D1329DD4-A24B-428D-83F4-A5A279A58DE0}.Release|iPhone.Deploy.0 = Release|Any CPU
		{D1329DD4-A24B-428D-83F4-A5A279A58DE0}.Release|iPhoneSimulator.ActiveCfg = Release|Any CPU
		{D1329DD4-A24B-428D-83F4-A5A279A58DE0}.Release|iPhoneSimulator.Build.0 = Release|Any CPU
		{D1329DD4-A24B-428D-83F4-A5A279A58DE0}.Release|iPhoneSimulator.Deploy.0 = Release|Any CPU
	EndGlobalSection
EndGlobal
